
Microsoft Visual Studio Solution File, Format Version 12.00
# Visual Studio Version 17
VisualStudioVersion = 17.10.35027.167
MinimumVisualStudioVersion = 10.0.40219.1
Project("{FAE04EC0-301F-11D3-BF4B-00C04F79EFBC}") = "FoodListProduct_Web", "FoodListProduct_Web\FoodListProduct_Web.csproj", "{1C193766-06D0-4173-ACC4-3A21BB1E19C2}"
EndProject
Global
	GlobalSection(SolutionConfigurationPlatforms) = preSolution
		Debug|Any CPU = Debug|Any CPU
		Release|Any CPU = Release|Any CPU
	EndGlobalSection
	GlobalSection(ProjectConfigurationPlatforms) = postSolution
		{1C193766-06D0-4173-ACC4-3A21BB1E19C2}.Debug|Any CPU.ActiveCfg = Debug|Any CPU
		{1C193766-06D0-4173-ACC4-3A21BB1E19C2}.Debug|Any CPU.Build.0 = Debug|Any CPU
		{1C193766-06D0-4173-ACC4-3A21BB1E19C2}.Release|Any CPU.ActiveCfg = Release|Any CPU
		{1C193766-06D0-4173-ACC4-3A21BB1E19C2}.Release|Any CPU.Build.0 = Release|Any CPU
	EndGlobalSection
	GlobalSection(SolutionProperties) = preSolution
		HideSolutionNode = FALSE
	EndGlobalSection
	GlobalSection(ExtensibilityGlobals) = postSolution
		SolutionGuid = {2A57F597-DF6F-43AD-991A-8A52A1841552}
	EndGlobalSection
EndGlobal
